
Microsoft Visual Studio Solution File, Format Version 12.00
# Visual Studio Version 16
VisualStudioVersion = 16.0.32630.194
MinimumVisualStudioVersion = 10.0.40219.1
Project("{FAE04EC0-301F-11D3-BF4B-00C04F79EFBC}") = "Fatorial", "Fatorial\Fatorial.csproj", "{06F681D6-0C3D-4948-ACF4-0F6D5FDC5519}"
EndProject
Global
	GlobalSection(SolutionConfigurationPlatforms) = preSolution
		Debug|Any CPU = Debug|Any CPU
		Release|Any CPU = Release|Any CPU
	EndGlobalSection
	GlobalSection(ProjectConfigurationPlatforms) = postSolution
		{06F681D6-0C3D-4948-ACF4-0F6D5FDC5519}.Debug|Any CPU.ActiveCfg = Debug|Any CPU
		{06F681D6-0C3D-4948-ACF4-0F6D5FDC5519}.Debug|Any CPU.Build.0 = Debug|Any CPU
		{06F681D6-0C3D-4948-ACF4-0F6D5FDC5519}.Release|Any CPU.ActiveCfg = Release|Any CPU
		{06F681D6-0C3D-4948-ACF4-0F6D5FDC5519}.Release|Any CPU.Build.0 = Release|Any CPU
	EndGlobalSection
	GlobalSection(SolutionProperties) = preSolution
		HideSolutionNode = FALSE
	EndGlobalSection
	GlobalSection(ExtensibilityGlobals) = postSolution
		SolutionGuid = {CBB9A21E-0751-46D7-A5CA-7C7F24D917FF}
	EndGlobalSection
EndGlobal
