
Microsoft Visual Studio Solution File, Format Version 12.00
# Visual Studio Version 17
VisualStudioVersion = 17.2.32616.157
MinimumVisualStudioVersion = 10.0.40219.1
Project("{FAE04EC0-301F-11D3-BF4B-00C04F79EFBC}") = "CalculaCombustivel", "CalculaCombustivel\CalculaCombustivel.csproj", "{E83EF203-2202-4FE4-A36F-C9E2C7367353}"
EndProject
Global
	GlobalSection(SolutionConfigurationPlatforms) = preSolution
		Debug|Any CPU = Debug|Any CPU
		Release|Any CPU = Release|Any CPU
	EndGlobalSection
	GlobalSection(ProjectConfigurationPlatforms) = postSolution
		{E83EF203-2202-4FE4-A36F-C9E2C7367353}.Debug|Any CPU.ActiveCfg = Debug|Any CPU
		{E83EF203-2202-4FE4-A36F-C9E2C7367353}.Debug|Any CPU.Build.0 = Debug|Any CPU
		{E83EF203-2202-4FE4-A36F-C9E2C7367353}.Release|Any CPU.ActiveCfg = Release|Any CPU
		{E83EF203-2202-4FE4-A36F-C9E2C7367353}.Release|Any CPU.Build.0 = Release|Any CPU
	EndGlobalSection
	GlobalSection(SolutionProperties) = preSolution
		HideSolutionNode = FALSE
	EndGlobalSection
	GlobalSection(ExtensibilityGlobals) = postSolution
		SolutionGuid = {818EBD48-841E-4A87-88F8-567203E93B2C}
	EndGlobalSection
EndGlobal
